
Microsoft Visual Studio Solution File, Format Version 12.00
# Visual Studio Version 17
VisualStudioVersion = 17.14.36121.58 d17.14
MinimumVisualStudioVersion = 10.0.40219.1
Project("{FAE04EC0-301F-11D3-BF4B-00C04F79EFBC}") = "p4g64.bgm.fieldbgmframework", "p4g64.bgm.fieldbgmframework.csproj", "{24DBF07D-5A09-4BC9-820D-C9B0DAE09535}"
EndProject
Global
	GlobalSection(SolutionConfigurationPlatforms) = preSolution
		Debug|Any CPU = Debug|Any CPU
		Release|Any CPU = Release|Any CPU
	EndGlobalSection
	GlobalSection(ProjectConfigurationPlatforms) = postSolution
		{24DBF07D-5A09-4BC9-820D-C9B0DAE09535}.Debug|Any CPU.ActiveCfg = Debug|Any CPU
		{24DBF07D-5A09-4BC9-820D-C9B0DAE09535}.Debug|Any CPU.Build.0 = Debug|Any CPU
		{24DBF07D-5A09-4BC9-820D-C9B0DAE09535}.Release|Any CPU.ActiveCfg = Release|Any CPU
		{24DBF07D-5A09-4BC9-820D-C9B0DAE09535}.Release|Any CPU.Build.0 = Release|Any CPU
	EndGlobalSection
	GlobalSection(SolutionProperties) = preSolution
		HideSolutionNode = FALSE
	EndGlobalSection
	GlobalSection(ExtensibilityGlobals) = postSolution
		SolutionGuid = {D5E49273-3A0C-4CAF-BE1F-6910CA927E71}
	EndGlobalSection
EndGlobal
